<?xml version="1.0" encoding="utf-8"?>
<Project ToolsVersion="4.0" xmlns="http://schemas.microsoft.com/developer/msbuild/2003">
  <ItemGroup>
    <Filter Include="Source Files">
      <UniqueIdentifier>{4FC737F1-C7A5-4376-A066-2A32D752A2FF}</UniqueIdentifier>
      <Extensions>cpp;c;cc;cxx;c++;cppm;ixx;def;odl;idl;hpj;bat;asm;asmx</Extensions>
    </Filter>
    <Filter Include="Header Files">
      <UniqueIdentifier>{93995380-89BD-4b04-88EB-625FBE52EBFB}</UniqueIdentifier>
      <Extensions>h;hh;hpp;hxx;h++;hm;inl;inc;ipp;xsd</Extensions>
    </Filter>
    <Filter Include="Common">
      <UniqueIdentifier>{4d450f49-d02a-4e44-b7e4-a2f183ee5d40}</UniqueIdentifier>
    </Filter>
    <Filter Include="AMainEntry">
      <UniqueIdentifier>{61cd38e5-37bb-4e0b-a409-f973dbcb0b46}</UniqueIdentifier>
    </Filter>
    <Filter Include="Shader">
      <UniqueIdentifier>{319fd009-b185-454b-afcb-43b477b0b7c7}</UniqueIdentifier>
    </Filter>
  </ItemGroup>
  <ItemGroup>
    <ClCompile Include="..\Common\Camera.cpp">
      <Filter>Common</Filter>
    </ClCompile>
    <ClCompile Include="..\Common\d3dUtil.cpp">
      <Filter>Common</Filter>
    </ClCompile>
    <ClCompile Include="..\Common\DDSTextureLoader.cpp">
      <Filter>Common</Filter>
    </ClCompile>
    <ClCompile Include="..\Common\GameTimer.cpp">
      <Filter>Common</Filter>
    </ClCompile>
    <ClCompile Include="..\Common\GeometryGenerator.cpp">
      <Filter>Common</Filter>
    </ClCompile>
    <ClCompile Include="..\Common\MathHelper.cpp">
      <Filter>Common</Filter>
    </ClCompile>
    <ClCompile Include="D3DRenderer.cpp">
      <Filter>Source Files</Filter>
    </ClCompile>
    <ClCompile Include="D3DSample.cpp">
      <Filter>Source Files</Filter>
    </ClCompile>
    <ClCompile Include="main.cpp">
      <Filter>AMainEntry</Filter>
    </ClCompile>
    <ClCompile Include="..\Common\LoadM3d.cpp">
      <Filter>Common</Filter>
    </ClCompile>
    <ClCompile Include="..\Common\SkinnedData.cpp">
      <Filter>Common</Filter>
    </ClCompile>
  </ItemGroup>
  <ItemGroup>
    <ClInclude Include="..\Common\Camera.h">
      <Filter>Common</Filter>
    </ClInclude>
    <ClInclude Include="..\Common\d3dUtil.h">
      <Filter>Common</Filter>
    </ClInclude>
    <ClInclude Include="..\Common\d3dx12.h">
      <Filter>Common</Filter>
    </ClInclude>
    <ClInclude Include="..\Common\DDSTextureLoader.h">
      <Filter>Common</Filter>
    </ClInclude>
    <ClInclude Include="..\Common\GameTimer.h">
      <Filter>Common</Filter>
    </ClInclude>
    <ClInclude Include="..\Common\GeometryGenerator.h">
      <Filter>Common</Filter>
    </ClInclude>
    <ClInclude Include="..\Common\MathHelper.h">
      <Filter>Common</Filter>
    </ClInclude>
    <ClInclude Include="..\Common\UploadBuffer.h">
      <Filter>Common</Filter>
    </ClInclude>
    <ClInclude Include="D3DRenderer.h">
      <Filter>Header Files</Filter>
    </ClInclude>
    <ClInclude Include="D3DSample.h">
      <Filter>Header Files</Filter>
    </ClInclude>
    <ClInclude Include="D3DHeader.h">
      <Filter>Header Files</Filter>
    </ClInclude>
    <ClInclude Include="..\Common\LoadM3d.h">
      <Filter>Common</Filter>
    </ClInclude>
    <ClInclude Include="..\Common\SkinnedData.h">
      <Filter>Common</Filter>
    </ClInclude>
  </ItemGroup>
  <ItemGroup>
    <FxCompile Include="..\Shader\Default.hlsl">
      <Filter>Shader</Filter>
    </FxCompile>
    <FxCompile Include="..\Shader\LightingUtil.hlsl">
      <Filter>Shader</Filter>
    </FxCompile>
    <FxCompile Include="..\Shader\Skybox.hlsl">
      <Filter>Shader</Filter>
    </FxCompile>
    <FxCompile Include="..\Shader\QuadPatch.hlsl">
      <Filter>Shader</Filter>
    </FxCompile>
    <FxCompile Include="..\Shader\Tree.hlsl">
      <Filter>Shader</Filter>
    </FxCompile>
    <FxCompile Include="..\Shader\ShadowMap.hlsl">
      <Filter>Shader</Filter>
    </FxCompile>
    <FxCompile Include="..\Shader\ShadowMapDebug.hlsl">
      <Filter>Shader</Filter>
    </FxCompile>
  </ItemGroup>
  <ItemGroup>
    <None Include="..\Shader\Params.hlsli">
      <Filter>Shader</Filter>
    </None>
  </ItemGroup>
</Project>